
Microsoft Visual Studio Solution File, Format Version 12.00
# Visual Studio 15
VisualStudioVersion = 15.0.28307.852
MinimumVisualStudioVersion = 10.0.40219.1
Project("{FAE04EC0-301F-11D3-BF4B-00C04F79EFBC}") = "StockVentas", "StockVentas\StockVentas.csproj", "{7BC56662-9AE1-4990-AC86-4E417B1D83B0}"
EndProject
Global
	GlobalSection(SolutionConfigurationPlatforms) = preSolution
		Debug|Any CPU = Debug|Any CPU
		Release|Any CPU = Release|Any CPU
	EndGlobalSection
	GlobalSection(ProjectConfigurationPlatforms) = postSolution
		{7BC56662-9AE1-4990-AC86-4E417B1D83B0}.Debug|Any CPU.ActiveCfg = Debug|Any CPU
		{7BC56662-9AE1-4990-AC86-4E417B1D83B0}.Debug|Any CPU.Build.0 = Debug|Any CPU
		{7BC56662-9AE1-4990-AC86-4E417B1D83B0}.Release|Any CPU.ActiveCfg = Release|Any CPU
		{7BC56662-9AE1-4990-AC86-4E417B1D83B0}.Release|Any CPU.Build.0 = Release|Any CPU
	EndGlobalSection
	GlobalSection(SolutionProperties) = preSolution
		HideSolutionNode = FALSE
	EndGlobalSection
	GlobalSection(ExtensibilityGlobals) = postSolution
		SolutionGuid = {58B456C5-2FE3-4685-9806-33C1EB283DD5}
	EndGlobalSection
EndGlobal
